
Microsoft Visual Studio Solution File, Format Version 12.00
# Visual Studio 15
VisualStudioVersion = 15.0.28307.902
MinimumVisualStudioVersion = 10.0.40219.1
Project("{FAE04EC0-301F-11D3-BF4B-00C04F79EFBC}") = "Serialization2", "Serialization2\Serialization2.csproj", "{8CE56A4F-409A-4B8A-9188-CAD7B444497C}"
EndProject
Global
	GlobalSection(SolutionConfigurationPlatforms) = preSolution
		Debug|Any CPU = Debug|Any CPU
		Release|Any CPU = Release|Any CPU
	EndGlobalSection
	GlobalSection(ProjectConfigurationPlatforms) = postSolution
		{8CE56A4F-409A-4B8A-9188-CAD7B444497C}.Debug|Any CPU.ActiveCfg = Debug|Any CPU
		{8CE56A4F-409A-4B8A-9188-CAD7B444497C}.Debug|Any CPU.Build.0 = Debug|Any CPU
		{8CE56A4F-409A-4B8A-9188-CAD7B444497C}.Release|Any CPU.ActiveCfg = Release|Any CPU
		{8CE56A4F-409A-4B8A-9188-CAD7B444497C}.Release|Any CPU.Build.0 = Release|Any CPU
	EndGlobalSection
	GlobalSection(SolutionProperties) = preSolution
		HideSolutionNode = FALSE
	EndGlobalSection
	GlobalSection(ExtensibilityGlobals) = postSolution
		SolutionGuid = {428A0AD6-5126-4F04-9879-6F0FDB8B3DF8}
	EndGlobalSection
EndGlobal
